
Microsoft Visual Studio Solution File, Format Version 12.00
# Visual Studio Version 16
VisualStudioVersion = 16.0.29424.173
MinimumVisualStudioVersion = 10.0.40219.1
Project("{FAE04EC0-301F-11D3-BF4B-00C04F79EFBC}") = "ContextActionRepro.UWP", "ContextActionRepro\ContextActionRepro.UWP\ContextActionRepro.UWP.csproj", "{7DCF79D2-ABDB-4632-AD48-567E590E1B39}"
EndProject
Project("{FAE04EC0-301F-11D3-BF4B-00C04F79EFBC}") = "ContextActionRepro.Android", "ContextActionRepro\ContextActionRepro.Android\ContextActionRepro.Android.csproj", "{7A7C71FC-E51A-45C3-9CDC-3DAAB43D7A4F}"
EndProject
Project("{FAE04EC0-301F-11D3-BF4B-00C04F79EFBC}") = "ContextActionRepro.iOS", "ContextActionRepro\ContextActionRepro.iOS\ContextActionRepro.iOS.csproj", "{2D2D2A29-D415-4CFA-AA1F-A0A7B41F9D19}"
EndProject
Project("{FAE04EC0-301F-11D3-BF4B-00C04F79EFBC}") = "ContextActionRepro", "ContextActionRepro\ContextActionRepro\ContextActionRepro.csproj", "{BC0630F5-E862-419B-B18A-35F8A8C845B0}"
EndProject
Global
	GlobalSection(SolutionConfigurationPlatforms) = preSolution
		Debug|Any CPU = Debug|Any CPU
		Debug|ARM = Debug|ARM
		Debug|iPhone = Debug|iPhone
		Debug|iPhoneSimulator = Debug|iPhoneSimulator
		Debug|x64 = Debug|x64
		Debug|x86 = Debug|x86
		Release|Any CPU = Release|Any CPU
		Release|ARM = Release|ARM
		Release|iPhone = Release|iPhone
		Release|iPhoneSimulator = Release|iPhoneSimulator
		Release|x64 = Release|x64
		Release|x86 = Release|x86
	EndGlobalSection
	GlobalSection(ProjectConfigurationPlatforms) = postSolution
		{7DCF79D2-ABDB-4632-AD48-567E590E1B39}.Debug|Any CPU.ActiveCfg = Debug|x86
		{7DCF79D2-ABDB-4632-AD48-567E590E1B39}.Debug|Any CPU.Build.0 = Debug|x86
		{7DCF79D2-ABDB-4632-AD48-567E590E1B39}.Debug|Any CPU.Deploy.0 = Debug|x86
		{7DCF79D2-ABDB-4632-AD48-567E590E1B39}.Debug|ARM.ActiveCfg = Debug|ARM
		{7DCF79D2-ABDB-4632-AD48-567E590E1B39}.Debug|ARM.Build.0 = Debug|ARM
		{7DCF79D2-ABDB-4632-AD48-567E590E1B39}.Debug|ARM.Deploy.0 = Debug|ARM
		{7DCF79D2-ABDB-4632-AD48-567E590E1B39}.Debug|iPhone.ActiveCfg = Debug|x86
		{7DCF79D2-ABDB-4632-AD48-567E590E1B39}.Debug|iPhone.Build.0 = Debug|x86
		{7DCF79D2-ABDB-4632-AD48-567E590E1B39}.Debug|iPhone.Deploy.0 = Debug|x86
		{7DCF79D2-ABDB-4632-AD48-567E590E1B39}.Debug|iPhoneSimulator.ActiveCfg = Debug|x86
		{7DCF79D2-ABDB-4632-AD48-567E590E1B39}.Debug|iPhoneSimulator.Build.0 = Debug|x86
		{7DCF79D2-ABDB-4632-AD48-567E590E1B39}.Debug|iPhoneSimulator.Deploy.0 = Debug|x86
		{7DCF79D2-ABDB-4632-AD48-567E590E1B39}.Debug|x64.ActiveCfg = Debug|x64
		{7DCF79D2-ABDB-4632-AD48-567E590E1B39}.Debug|x64.Build.0 = Debug|x64
		{7DCF79D2-ABDB-4632-AD48-567E590E1B39}.Debug|x64.Deploy.0 = Debug|x64
		{7DCF79D2-ABDB-4632-AD48-567E590E1B39}.Debug|x86.ActiveCfg = Debug|x86
		{7DCF79D2-ABDB-4632-AD48-567E590E1B39}.Debug|x86.Build.0 = Debug|x86
		{7DCF79D2-ABDB-4632-AD48-567E590E1B39}.Debug|x86.Deploy.0 = Debug|x86
		{7DCF79D2-ABDB-4632-AD48-567E590E1B39}.Release|Any CPU.ActiveCfg = Release|x86
		{7DCF79D2-ABDB-4632-AD48-567E590E1B39}.Release|Any CPU.Build.0 = Release|x86
		{7DCF79D2-ABDB-4632-AD48-567E590E1B39}.Release|Any CPU.Deploy.0 = Release|x86
		{7DCF79D2-ABDB-4632-AD48-567E590E1B39}.Release|ARM.ActiveCfg = Release|ARM
		{7DCF79D2-ABDB-4632-AD48-567E590E1B39}.Release|ARM.Build.0 = Release|ARM
		{7DCF79D2-ABDB-4632-AD48-567E590E1B39}.Release|ARM.Deploy.0 = Release|ARM
		{7DCF79D2-ABDB-4632-AD48-567E590E1B39}.Release|iPhone.ActiveCfg = Release|x86
		{7DCF79D2-ABDB-4632-AD48-567E590E1B39}.Release|iPhone.Build.0 = Release|x86
		{7DCF79D2-ABDB-4632-AD48-567E590E1B39}.Release|iPhone.Deploy.0 = Release|x86
		{7DCF79D2-ABDB-4632-AD48-567E590E1B39}.Release|iPhoneSimulator.ActiveCfg = Release|x86
		{7DCF79D2-ABDB-4632-AD48-567E590E1B39}.Release|iPhoneSimulator.Build.0 = Release|x86
		{7DCF79D2-ABDB-4632-AD48-567E590E1B39}.Release|iPhoneSimulator.Deploy.0 = Release|x86
		{7DCF79D2-ABDB-4632-AD48-567E590E1B39}.Release|x64.ActiveCfg = Release|x64
		{7DCF79D2-ABDB-4632-AD48-567E590E1B39}.Release|x64.Build.0 = Release|x64
		{7DCF79D2-ABDB-4632-AD48-567E590E1B39}.Release|x64.Deploy.0 = Release|x64
		{7DCF79D2-ABDB-4632-AD48-567E590E1B39}.Release|x86.ActiveCfg = Release|x86
		{7DCF79D2-ABDB-4632-AD48-567E590E1B39}.Release|x86.Build.0 = Release|x86
		{7DCF79D2-ABDB-4632-AD48-567E590E1B39}.Release|x86.Deploy.0 = Release|x86
		{7A7C71FC-E51A-45C3-9CDC-3DAAB43D7A4F}.Debug|Any CPU.ActiveCfg = Debug|Any CPU
		{7A7C71FC-E51A-45C3-9CDC-3DAAB43D7A4F}.Debug|Any CPU.Build.0 = Debug|Any CPU
		{7A7C71FC-E51A-45C3-9CDC-3DAAB43D7A4F}.Debug|Any CPU.Deploy.0 = Debug|Any CPU
		{7A7C71FC-E51A-45C3-9CDC-3DAAB43D7A4F}.Debug|ARM.ActiveCfg = Debug|Any CPU
		{7A7C71FC-E51A-45C3-9CDC-3DAAB43D7A4F}.Debug|ARM.Build.0 = Debug|Any CPU
		{7A7C71FC-E51A-45C3-9CDC-3DAAB43D7A4F}.Debug|ARM.Deploy.0 = Debug|Any CPU
		{7A7C71FC-E51A-45C3-9CDC-3DAAB43D7A4F}.Debug|iPhone.ActiveCfg = Debug|Any CPU
		{7A7C71FC-E51A-45C3-9CDC-3DAAB43D7A4F}.Debug|iPhone.Build.0 = Debug|Any CPU
		{7A7C71FC-E51A-45C3-9CDC-3DAAB43D7A4F}.Debug|iPhone.Deploy.0 = Debug|Any CPU
		{7A7C71FC-E51A-45C3-9CDC-3DAAB43D7A4F}.Debug|iPhoneSimulator.ActiveCfg = Debug|Any CPU
		{7A7C71FC-E51A-45C3-9CDC-3DAAB43D7A4F}.Debug|iPhoneSimulator.Build.0 = Debug|Any CPU
		{7A7C71FC-E51A-45C3-9CDC-3DAAB43D7A4F}.Debug|iPhoneSimulator.Deploy.0 = Debug|Any CPU
		{7A7C71FC-E51A-45C3-9CDC-3DAAB43D7A4F}.Debug|x64.ActiveCfg = Debug|Any CPU
		{7A7C71FC-E51A-45C3-9CDC-3DAAB43D7A4F}.Debug|x64.Build.0 = Debug|Any CPU
		{7A7C71FC-E51A-45C3-9CDC-3DAAB43D7A4F}.Debug|x64.Deploy.0 = Debug|Any CPU
		{7A7C71FC-E51A-45C3-9CDC-3DAAB43D7A4F}.Debug|x86.ActiveCfg = Debug|Any CPU
		{7A7C71FC-E51A-45C3-9CDC-3DAAB43D7A4F}.Debug|x86.Build.0 = Debug|Any CPU
		{7A7C71FC-E51A-45C3-9CDC-3DAAB43D7A4F}.Debug|x86.Deploy.0 = Debug|Any CPU
		{7A7C71FC-E51A-45C3-9CDC-3DAAB43D7A4F}.Release|Any CPU.ActiveCfg = Release|Any CPU
		{7A7C71FC-E51A-45C3-9CDC-3DAAB43D7A4F}.Release|Any CPU.Build.0 = Release|Any CPU
		{7A7C71FC-E51A-45C3-9CDC-3DAAB43D7A4F}.Release|Any CPU.Deploy.0 = Release|Any CPU
		{7A7C71FC-E51A-45C3-9CDC-3DAAB43D7A4F}.Release|ARM.ActiveCfg = Release|Any CPU
		{7A7C71FC-E51A-45C3-9CDC-3DAAB43D7A4F}.Release|ARM.Build.0 = Release|Any CPU
		{7A7C71FC-E51A-45C3-9CDC-3DAAB43D7A4F}.Release|ARM.Deploy.0 = Release|Any CPU
		{7A7C71FC-E51A-45C3-9CDC-3DAAB43D7A4F}.Release|iPhone.ActiveCfg = Release|Any CPU
		{7A7C71FC-E51A-45C3-9CDC-3DAAB43D7A4F}.Release|iPhone.Build.0 = Release|Any CPU
		{7A7C71FC-E51A-45C3-9CDC-3DAAB43D7A4F}.Release|iPhone.Deploy.0 = Release|Any CPU
		{7A7C71FC-E51A-45C3-9CDC-3DAAB43D7A4F}.Release|iPhoneSimulator.ActiveCfg = Release|Any CPU
		{7A7C71FC-E51A-45C3-9CDC-3DAAB43D7A4F}.Release|iPhoneSimulator.Build.0 = Release|Any CPU
		{7A7C71FC-E51A-45C3-9CDC-3DAAB43D7A4F}.Release|iPhoneSimulator.Deploy.0 = Release|Any CPU
		{7A7C71FC-E51A-45C3-9CDC-3DAAB43D7A4F}.Release|x64.ActiveCfg = Release|Any CPU
		{7A7C71FC-E51A-45C3-9CDC-3DAAB43D7A4F}.Release|x64.Build.0 = Release|Any CPU
		{7A7C71FC-E51A-45C3-9CDC-3DAAB43D7A4F}.Release|x64.Deploy.0 = Release|Any CPU
		{7A7C71FC-E51A-45C3-9CDC-3DAAB43D7A4F}.Release|x86.ActiveCfg = Release|Any CPU
		{7A7C71FC-E51A-45C3-9CDC-3DAAB43D7A4F}.Release|x86.Build.0 = Release|Any CPU
		{7A7C71FC-E51A-45C3-9CDC-3DAAB43D7A4F}.Release|x86.Deploy.0 = Release|Any CPU
		{2D2D2A29-D415-4CFA-AA1F-A0A7B41F9D19}.Debug|Any CPU.ActiveCfg = Debug|iPhone
		{2D2D2A29-D415-4CFA-AA1F-A0A7B41F9D19}.Debug|Any CPU.Build.0 = Debug|iPhone
		{2D2D2A29-D415-4CFA-AA1F-A0A7B41F9D19}.Debug|Any CPU.Deploy.0 = Debug|iPhone
		{2D2D2A29-D415-4CFA-AA1F-A0A7B41F9D19}.Debug|ARM.ActiveCfg = Debug|iPhoneSimulator
		{2D2D2A29-D415-4CFA-AA1F-A0A7B41F9D19}.Debug|ARM.Build.0 = Debug|iPhoneSimulator
		{2D2D2A29-D415-4CFA-AA1F-A0A7B41F9D19}.Debug|ARM.Deploy.0 = Debug|iPhoneSimulator
		{2D2D2A29-D415-4CFA-AA1F-A0A7B41F9D19}.Debug|iPhone.ActiveCfg = Debug|iPhone
		{2D2D2A29-D415-4CFA-AA1F-A0A7B41F9D19}.Debug|iPhone.Build.0 = Debug|iPhone
		{2D2D2A29-D415-4CFA-AA1F-A0A7B41F9D19}.Debug|iPhone.Deploy.0 = Debug|iPhone
		{2D2D2A29-D415-4CFA-AA1F-A0A7B41F9D19}.Debug|iPhoneSimulator.ActiveCfg = Debug|iPhoneSimulator
		{2D2D2A29-D415-4CFA-AA1F-A0A7B41F9D19}.Debug|iPhoneSimulator.Build.0 = Debug|iPhoneSimulator
		{2D2D2A29-D415-4CFA-AA1F-A0A7B41F9D19}.Debug|iPhoneSimulator.Deploy.0 = Debug|iPhoneSimulator
		{2D2D2A29-D415-4CFA-AA1F-A0A7B41F9D19}.Debug|x64.ActiveCfg = Debug|iPhone
		{2D2D2A29-D415-4CFA-AA1F-A0A7B41F9D19}.Debug|x64.Build.0 = Debug|iPhone
		{2D2D2A29-D415-4CFA-AA1F-A0A7B41F9D19}.Debug|x64.Deploy.0 = Debug|iPhone
		{2D2D2A29-D415-4CFA-AA1F-A0A7B41F9D19}.Debug|x86.ActiveCfg = Debug|iPhone
		{2D2D2A29-D415-4CFA-AA1F-A0A7B41F9D19}.Debug|x86.Build.0 = Debug|iPhone
		{2D2D2A29-D415-4CFA-AA1F-A0A7B41F9D19}.Debug|x86.Deploy.0 = Debug|iPhone
		{2D2D2A29-D415-4CFA-AA1F-A0A7B41F9D19}.Release|Any CPU.ActiveCfg = Release|iPhone
		{2D2D2A29-D415-4CFA-AA1F-A0A7B41F9D19}.Release|Any CPU.Build.0 = Release|iPhone
		{2D2D2A29-D415-4CFA-AA1F-A0A7B41F9D19}.Release|Any CPU.Deploy.0 = Release|iPhone
		{2D2D2A29-D415-4CFA-AA1F-A0A7B41F9D19}.Release|ARM.ActiveCfg = Release|iPhone
		{2D2D2A29-D415-4CFA-AA1F-A0A7B41F9D19}.Release|ARM.Build.0 = Release|iPhone
		{2D2D2A29-D415-4CFA-AA1F-A0A7B41F9D19}.Release|ARM.Deploy.0 = Release|iPhone
		{2D2D2A29-D415-4CFA-AA1F-A0A7B41F9D19}.Release|iPhone.ActiveCfg = Release|iPhone
		{2D2D2A29-D415-4CFA-AA1F-A0A7B41F9D19}.Release|iPhone.Build.0 = Release|iPhone
		{2D2D2A29-D415-4CFA-AA1F-A0A7B41F9D19}.Release|iPhone.Deploy.0 = Release|iPhone
		{2D2D2A29-D415-4CFA-AA1F-A0A7B41F9D19}.Release|iPhoneSimulator.ActiveCfg = Release|iPhoneSimulator
		{2D2D2A29-D415-4CFA-AA1F-A0A7B41F9D19}.Release|iPhoneSimulator.Build.0 = Release|iPhoneSimulator
		{2D2D2A29-D415-4CFA-AA1F-A0A7B41F9D19}.Release|iPhoneSimulator.Deploy.0 = Release|iPhoneSimulator
		{2D2D2A29-D415-4CFA-AA1F-A0A7B41F9D19}.Release|x64.ActiveCfg = Release|iPhone
		{2D2D2A29-D415-4CFA-AA1F-A0A7B41F9D19}.Release|x64.Build.0 = Release|iPhone
		{2D2D2A29-D415-4CFA-AA1F-A0A7B41F9D19}.Release|x64.Deploy.0 = Release|iPhone
		{2D2D2A29-D415-4CFA-AA1F-A0A7B41F9D19}.Release|x86.ActiveCfg = Release|iPhone
		{2D2D2A29-D415-4CFA-AA1F-A0A7B41F9D19}.Release|x86.Build.0 = Release|iPhone
		{2D2D2A29-D415-4CFA-AA1F-A0A7B41F9D19}.Release|x86.Deploy.0 = Release|iPhone
		{BC0630F5-E862-419B-B18A-35F8A8C845B0}.Debug|Any CPU.ActiveCfg = Debug|Any CPU
		{BC0630F5-E862-419B-B18A-35F8A8C845B0}.Debug|Any CPU.Build.0 = Debug|Any CPU
		{BC0630F5-E862-419B-B18A-35F8A8C845B0}.Debug|Any CPU.Deploy.0 = Debug|Any CPU
		{BC0630F5-E862-419B-B18A-35F8A8C845B0}.Debug|ARM.ActiveCfg = Debug|Any CPU
		{BC0630F5-E862-419B-B18A-35F8A8C845B0}.Debug|ARM.Build.0 = Debug|Any CPU
		{BC0630F5-E862-419B-B18A-35F8A8C845B0}.Debug|ARM.Deploy.0 = Debug|Any CPU
		{BC0630F5-E862-419B-B18A-35F8A8C845B0}.Debug|iPhone.ActiveCfg = Debug|Any CPU
		{BC0630F5-E862-419B-B18A-35F8A8C845B0}.Debug|iPhone.Build.0 = Debug|Any CPU
		{BC0630F5-E862-419B-B18A-35F8A8C845B0}.Debug|iPhone.Deploy.0 = Debug|Any CPU
		{BC0630F5-E862-419B-B18A-35F8A8C845B0}.Debug|iPhoneSimulator.ActiveCfg = Debug|Any CPU
		{BC0630F5-E862-419B-B18A-35F8A8C845B0}.Debug|iPhoneSimulator.Build.0 = Debug|Any CPU
		{BC0630F5-E862-419B-B18A-35F8A8C845B0}.Debug|iPhoneSimulator.Deploy.0 = Debug|Any CPU
		{BC0630F5-E862-419B-B18A-35F8A8C845B0}.Debug|x64.ActiveCfg = Debug|Any CPU
		{BC0630F5-E862-419B-B18A-35F8A8C845B0}.Debug|x64.Build.0 = Debug|Any CPU
		{BC0630F5-E862-419B-B18A-35F8A8C845B0}.Debug|x64.Deploy.0 = Debug|Any CPU
		{BC0630F5-E862-419B-B18A-35F8A8C845B0}.Debug|x86.ActiveCfg = Debug|Any CPU
		{BC0630F5-E862-419B-B18A-35F8A8C845B0}.Debug|x86.Build.0 = Debug|Any CPU
		{BC0630F5-E862-419B-B18A-35F8A8C845B0}.Debug|x86.Deploy.0 = Debug|Any CPU
		{BC0630F5-E862-419B-B18A-35F8A8C845B0}.Release|Any CPU.ActiveCfg = Release|Any CPU
		{BC0630F5-E862-419B-B18A-35F8A8C845B0}.Release|Any CPU.Build.0 = Release|Any CPU
		{BC0630F5-E862-419B-B18A-35F8A8C845B0}.Release|Any CPU.Deploy.0 = Release|Any CPU
		{BC0630F5-E862-419B-B18A-35F8A8C845B0}.Release|ARM.ActiveCfg = Release|Any CPU
		{BC0630F5-E862-419B-B18A-35F8A8C845B0}.Release|ARM.Build.0 = Release|Any CPU
		{BC0630F5-E862-419B-B18A-35F8A8C845B0}.Release|ARM.Deploy.0 = Release|Any CPU
		{BC0630F5-E862-419B-B18A-35F8A8C845B0}.Release|iPhone.ActiveCfg = Release|Any CPU
		{BC0630F5-E862-419B-B18A-35F8A8C845B0}.Release|iPhone.Build.0 = Release|Any CPU
		{BC0630F5-E862-419B-B18A-35F8A8C845B0}.Release|iPhone.Deploy.0 = Release|Any CPU
		{BC0630F5-E862-419B-B18A-35F8A8C845B0}.Release|iPhoneSimulator.ActiveCfg = Release|Any CPU
		{BC0630F5-E862-419B-B18A-35F8A8C845B0}.Release|iPhoneSimulator.Build.0 = Release|Any CPU
		{BC0630F5-E862-419B-B18A-35F8A8C845B0}.Release|iPhoneSimulator.Deploy.0 = Release|Any CPU
		{BC0630F5-E862-419B-B18A-35F8A8C845B0}.Release|x64.ActiveCfg = Release|Any CPU
		{BC0630F5-E862-419B-B18A-35F8A8C845B0}.Release|x64.Build.0 = Release|Any CPU
		{BC0630F5-E862-419B-B18A-35F8A8C845B0}.Release|x64.Deploy.0 = Release|Any CPU
		{BC0630F5-E862-419B-B18A-35F8A8C845B0}.Release|x86.ActiveCfg = Release|Any CPU
		{BC0630F5-E862-419B-B18A-35F8A8C845B0}.Release|x86.Build.0 = Release|Any CPU
		{BC0630F5-E862-419B-B18A-35F8A8C845B0}.Release|x86.Deploy.0 = Release|Any CPU
	EndGlobalSection
	GlobalSection(SolutionProperties) = preSolution
		HideSolutionNode = FALSE
	EndGlobalSection
	GlobalSection(ExtensibilityGlobals) = postSolution
		SolutionGuid = {3A83A407-33B3-4E12-9FEF-82E8B2EAEBFA}
	EndGlobalSection
EndGlobal
